
Microsoft Visual Studio Solution File, Format Version 12.00
# Visual Studio Version 16
VisualStudioVersion = 16.0.29920.165
MinimumVisualStudioVersion = 10.0.40219.1
Project("{888888A0-9F3D-457C-B088-3A5042F75D52}") = "mathForDummies", "mathForDummies\mathForDummies.pyproj", "{F285E4FB-4967-4B3B-B8A4-90DD26B92F0A}"
EndProject
Global
	GlobalSection(SolutionConfigurationPlatforms) = preSolution
		Debug|Any CPU = Debug|Any CPU
		Release|Any CPU = Release|Any CPU
	EndGlobalSection
	GlobalSection(ProjectConfigurationPlatforms) = postSolution
		{F285E4FB-4967-4B3B-B8A4-90DD26B92F0A}.Debug|Any CPU.ActiveCfg = Debug|Any CPU
		{F285E4FB-4967-4B3B-B8A4-90DD26B92F0A}.Release|Any CPU.ActiveCfg = Release|Any CPU
	EndGlobalSection
	GlobalSection(SolutionProperties) = preSolution
		HideSolutionNode = FALSE
	EndGlobalSection
	GlobalSection(ExtensibilityGlobals) = postSolution
		SolutionGuid = {2FA2FF5A-7B90-44BC-8A82-0244CBF8123A}
	EndGlobalSection
EndGlobal
